
Microsoft Visual Studio Solution File, Format Version 12.00
# Visual Studio 15
VisualStudioVersion = 15.0.28307.1082
MinimumVisualStudioVersion = 10.0.40219.1
Project("{FAE04EC0-301F-11D3-BF4B-00C04F79EFBC}") = "eSyaCustomer.DO", "eSyaCustomer.DO\eSyaCustomer.DO.csproj", "{26C62874-CD3A-4844-BB06-91B907EE4091}"
EndProject
Global
	GlobalSection(SolutionConfigurationPlatforms) = preSolution
		Debug|Any CPU = Debug|Any CPU
		Release|Any CPU = Release|Any CPU
	EndGlobalSection
	GlobalSection(ProjectConfigurationPlatforms) = postSolution
		{26C62874-CD3A-4844-BB06-91B907EE4091}.Debug|Any CPU.ActiveCfg = Debug|Any CPU
		{26C62874-CD3A-4844-BB06-91B907EE4091}.Debug|Any CPU.Build.0 = Debug|Any CPU
		{26C62874-CD3A-4844-BB06-91B907EE4091}.Release|Any CPU.ActiveCfg = Release|Any CPU
		{26C62874-CD3A-4844-BB06-91B907EE4091}.Release|Any CPU.Build.0 = Release|Any CPU
	EndGlobalSection
	GlobalSection(SolutionProperties) = preSolution
		HideSolutionNode = FALSE
	EndGlobalSection
	GlobalSection(ExtensibilityGlobals) = postSolution
		SolutionGuid = {45B0722A-FD2A-404A-A932-FE4E113A1490}
	EndGlobalSection
EndGlobal
